
Microsoft Visual Studio Solution File, Format Version 12.00
# Visual Studio Version 16
VisualStudioVersion = 16.0.32126.315
MinimumVisualStudioVersion = 10.0.40219.1
Project("{8BC9CEB8-8B4A-11D0-8D11-00A0C91BC942}") = "githubtest", "githubtest.vcxproj", "{AE8B802C-FE53-4100-B7B0-D0D44CFC873F}"
EndProject
Global
	GlobalSection(SolutionConfigurationPlatforms) = preSolution
		Debug|x64 = Debug|x64
		Debug|x86 = Debug|x86
		Release|x64 = Release|x64
		Release|x86 = Release|x86
	EndGlobalSection
	GlobalSection(ProjectConfigurationPlatforms) = postSolution
		{AE8B802C-FE53-4100-B7B0-D0D44CFC873F}.Debug|x64.ActiveCfg = Debug|x64
		{AE8B802C-FE53-4100-B7B0-D0D44CFC873F}.Debug|x64.Build.0 = Debug|x64
		{AE8B802C-FE53-4100-B7B0-D0D44CFC873F}.Debug|x86.ActiveCfg = Debug|Win32
		{AE8B802C-FE53-4100-B7B0-D0D44CFC873F}.Debug|x86.Build.0 = Debug|Win32
		{AE8B802C-FE53-4100-B7B0-D0D44CFC873F}.Release|x64.ActiveCfg = Release|x64
		{AE8B802C-FE53-4100-B7B0-D0D44CFC873F}.Release|x64.Build.0 = Release|x64
		{AE8B802C-FE53-4100-B7B0-D0D44CFC873F}.Release|x86.ActiveCfg = Release|Win32
		{AE8B802C-FE53-4100-B7B0-D0D44CFC873F}.Release|x86.Build.0 = Release|Win32
	EndGlobalSection
	GlobalSection(SolutionProperties) = preSolution
		HideSolutionNode = FALSE
	EndGlobalSection
	GlobalSection(ExtensibilityGlobals) = postSolution
		SolutionGuid = {6AA2407D-2B39-4034-9273-C72B3F370E17}
	EndGlobalSection
EndGlobal
